// !$*UTF8*$!
{
	archiveVersion = 1;
	classes = {
	};
	objectVersion = 46;
	objects = {

/* Begin PBXBuildFile section */
		5DE03E4F0FA662F7AFDAC962 /* Pods_ShoppingListTableViewAppTests.framework in Frameworks */ = {isa = PBXBuildFile; fileRef = D372468C284FE062E2DB6A34 /* Pods_ShoppingListTableViewAppTests.framework */; };
		83CC372099A4C4D935444336 /* Pods_ShoppingListTableViewAppUITests.framework in Frameworks */ = {isa = PBXBuildFile; fileRef = E8A26BA83984E1FECC5D8417 /* Pods_ShoppingListTableViewAppUITests.framework */; };
		B2512ED98077013F5D9F7883 /* Pods_ShoppingListTableViewApp.framework in Frameworks */ = {isa = PBXBuildFile; fileRef = 2751FCFECFADDEF8A1D2B0E7 /* Pods_ShoppingListTableViewApp.framework */; };
		B541D7B11F9745CE0056541D /* ShoppingDetailsCell.swift in Sources */ = {isa = PBXBuildFile; fileRef = B541D7AF1F9745CE0056541D /* ShoppingDetailsCell.swift */; };
		B541D7B21F9745CF0056541D /* ShoppingDetailsCell.xib in Resources */ = {isa = PBXBuildFile; fileRef = B541D7B01F9745CE0056541D /* ShoppingDetailsCell.xib */; };
		B541D7B51F974FD00056541D /* HANDWRIT.TTF in Resources */ = {isa = PBXBuildFile; fileRef = B541D7B41F974F380056541D /* HANDWRIT.TTF */; };
		B541D7B81F9757E10056541D /* ShoppingCell.swift in Sources */ = {isa = PBXBuildFile; fileRef = B541D7B61F9757E10056541D /* ShoppingCell.swift */; };
		B541D7B91F9757E10056541D /* ShoppingCell.xib in Resources */ = {isa = PBXBuildFile; fileRef = B541D7B71F9757E10056541D /* ShoppingCell.xib */; };
		B541D7BB1F9767920056541D /* DetailTableViewTableViewController.swift in Sources */ = {isa = PBXBuildFile; fileRef = B541D7BA1F9767920056541D /* DetailTableViewTableViewController.swift */; };
		B55502A01FA07989009EDA48 /* ScrollImageTableCell.swift in Sources */ = {isa = PBXBuildFile; fileRef = B555029E1FA07989009EDA48 /* ScrollImageTableCell.swift */; };
		B55502A11FA0798A009EDA48 /* ScrollImageTableCell.xib in Resources */ = {isa = PBXBuildFile; fileRef = B555029F1FA07989009EDA48 /* ScrollImageTableCell.xib */; };
		B5D192571F9E23A600FB971D /* PastedGraphic-1.png in Resources */ = {isa = PBXBuildFile; fileRef = B5D192561F9E23A600FB971D /* PastedGraphic-1.png */; };
		B5DE957B1F9F3EB500C5DCF7 /* ShopItem.swift in Sources */ = {isa = PBXBuildFile; fileRef = B5DE957A1F9F3EB500C5DCF7 /* ShopItem.swift */; };
		BE2E59911ED5E10700975CAB /* AppDelegate.swift in Sources */ = {isa = PBXBuildFile; fileRef = BE2E59901ED5E10700975CAB /* AppDelegate.swift */; };
		BE2E59961ED5E10700975CAB /* Main.storyboard in Resources */ = {isa = PBXBuildFile; fileRef = BE2E59941ED5E10700975CAB /* Main.storyboard */; };
		BE2E59991ED5E10700975CAB /* ShoppingListTableViewApp.xcdatamodeld in Sources */ = {isa = PBXBuildFile; fileRef = BE2E59971ED5E10700975CAB /* ShoppingListTableViewApp.xcdatamodeld */; };
		BE2E599B1ED5E10700975CAB /* Assets.xcassets in Resources */ = {isa = PBXBuildFile; fileRef = BE2E599A1ED5E10700975CAB /* Assets.xcassets */; };
		BE2E599E1ED5E10700975CAB /* LaunchScreen.storyboard in Resources */ = {isa = PBXBuildFile; fileRef = BE2E599C1ED5E10700975CAB /* LaunchScreen.storyboard */; };
		BE2E59A91ED5E10700975CAB /* ShoppingListTableViewAppTests.swift in Sources */ = {isa = PBXBuildFile; fileRef = BE2E59A81ED5E10700975CAB /* ShoppingListTableViewAppTests.swift */; };
		BE2E59B41ED5E10700975CAB /* ShoppingListTableViewAppUITests.swift in Sources */ = {isa = PBXBuildFile; fileRef = BE2E59B31ED5E10700975CAB /* ShoppingListTableViewAppUITests.swift */; };
		BE2E59C21ED5E17500975CAB /* ShoppingListTableView.swift in Sources */ = {isa = PBXBuildFile; fileRef = BE2E59C11ED5E17500975CAB /* ShoppingListTableView.swift */; };
		BE77276B1EDC25FB005BFC69 /* ShoppingListTableViewCell.swift in Sources */ = {isa = PBXBuildFile; fileRef = BE7727691EDC25FB005BFC69 /* ShoppingListTableViewCell.swift */; };
		BE77276C1EDC25FB005BFC69 /* ShoppingListTableViewCell.xib in Resources */ = {isa = PBXBuildFile; fileRef = BE77276A1EDC25FB005BFC69 /* ShoppingListTableViewCell.xib */; };
		BE77276E1EDC2955005BFC69 /* Constants.swift in Sources */ = {isa = PBXBuildFile; fileRef = BE77276D1EDC2955005BFC69 /* Constants.swift */; };
		BE7727701EDC54D0005BFC69 /* ShoppingItemService.swift in Sources */ = {isa = PBXBuildFile; fileRef = BE77276F1EDC54CF005BFC69 /* ShoppingItemService.swift */; };
		BE7727741EDC7747005BFC69 /* StringExtensions.swift in Sources */ = {isa = PBXBuildFile; fileRef = BE7727731EDC7747005BFC69 /* StringExtensions.swift */; };
		BE7727781EDD6DF9005BFC69 /* DetailViewController.swift in Sources */ = {isa = PBXBuildFile; fileRef = BE7727771EDD6DF9005BFC69 /* DetailViewController.swift */; };
		BE77277B1EDD7CE7005BFC69 /* Json4Swift_Base.swift in Sources */ = {isa = PBXBuildFile; fileRef = BE7727791EDD7CE7005BFC69 /* Json4Swift_Base.swift */; };
		BE77277C1EDD7CE7005BFC69 /* ShoppingItems.swift in Sources */ = {isa = PBXBuildFile; fileRef = BE77277A1EDD7CE7005BFC69 /* ShoppingItems.swift */; };
		BE7727811EDD9C18005BFC69 /* AnimateViewController.swift in Sources */ = {isa = PBXBuildFile; fileRef = BE7727801EDD9C18005BFC69 /* AnimateViewController.swift */; };
		BE7727C21EDDBFA2005BFC69 /* GoogleService-Info.plist in Resources */ = {isa = PBXBuildFile; fileRef = BE7727C11EDDBFA2005BFC69 /* GoogleService-Info.plist */; };
		BEC67FCB1EDF170C0055FBD1 /* ImageStore.swift in Sources */ = {isa = PBXBuildFile; fileRef = BEC67FCA1EDF170C0055FBD1 /* ImageStore.swift */; };
/* End PBXBuildFile section */

/* Begin PBXContainerItemProxy section */
		BE2E59A51ED5E10700975CAB /* PBXContainerItemProxy */ = {
			isa = PBXContainerItemProxy;
			containerPortal = BE2E59851ED5E10600975CAB /* Project object */;
			proxyType = 1;
			remoteGlobalIDString = BE2E598C1ED5E10700975CAB;
			remoteInfo = ShoppingListTableViewApp;
		};
		BE2E59B01ED5E10700975CAB /* PBXContainerItemProxy */ = {
			isa = PBXContainerItemProxy;
			containerPortal = BE2E59851ED5E10600975CAB /* Project object */;
			proxyType = 1;
			remoteGlobalIDString = BE2E598C1ED5E10700975CAB;
			remoteInfo = ShoppingListTableViewApp;
		};
/* End PBXContainerItemProxy section */

/* Begin PBXFileReference section */
		24A4887D2FC334EAEECE2A13 /* Pods-ShoppingListTableViewAppTests.release.xcconfig */ = {isa = PBXFileReference; includeInIndex = 1; lastKnownFileType = text.xcconfig; name = "Pods-ShoppingListTableViewAppTests.release.xcconfig"; path = "Pods/Target Support Files/Pods-ShoppingListTableViewAppTests/Pods-ShoppingListTableViewAppTests.release.xcconfig"; sourceTree = "<group>"; };
		2751FCFECFADDEF8A1D2B0E7 /* Pods_ShoppingListTableViewApp.framework */ = {isa = PBXFileReference; explicitFileType = wrapper.framework; includeInIndex = 0; path = Pods_ShoppingListTableViewApp.framework; sourceTree = BUILT_PRODUCTS_DIR; };
		4F312103A962E6944D25A67A /* Pods-ShoppingListTableViewApp.release.xcconfig */ = {isa = PBXFileReference; includeInIndex = 1; lastKnownFileType = text.xcconfig; name = "Pods-ShoppingListTableViewApp.release.xcconfig"; path = "Pods/Target Support Files/Pods-ShoppingListTableViewApp/Pods-ShoppingListTableViewApp.release.xcconfig"; sourceTree = "<group>"; };
		50298C7C0D9942D2CEC44C83 /* Pods-ShoppingListTableViewApp.debug.xcconfig */ = {isa = PBXFileReference; includeInIndex = 1; lastKnownFileType = text.xcconfig; name = "Pods-ShoppingListTableViewApp.debug.xcconfig"; path = "Pods/Target Support Files/Pods-ShoppingListTableViewApp/Pods-ShoppingListTableViewApp.debug.xcconfig"; sourceTree = "<group>"; };
		99F11BACF7A06308A128E34A /* Pods-ShoppingListTableViewAppUITests.debug.xcconfig */ = {isa = PBXFileReference; includeInIndex = 1; lastKnownFileType = text.xcconfig; name = "Pods-ShoppingListTableViewAppUITests.debug.xcconfig"; path = "Pods/Target Support Files/Pods-ShoppingListTableViewAppUITests/Pods-ShoppingListTableViewAppUITests.debug.xcconfig"; sourceTree = "<group>"; };
		B541D7AF1F9745CE0056541D /* ShoppingDetailsCell.swift */ = {isa = PBXFileReference; lastKnownFileType = sourcecode.swift; path = ShoppingDetailsCell.swift; sourceTree = "<group>"; };
		B541D7B01F9745CE0056541D /* ShoppingDetailsCell.xib */ = {isa = PBXFileReference; lastKnownFileType = file.xib; path = ShoppingDetailsCell.xib; sourceTree = "<group>"; };
		B541D7B41F974F380056541D /* HANDWRIT.TTF */ = {isa = PBXFileReference; lastKnownFileType = file; path = HANDWRIT.TTF; sourceTree = "<group>"; };
		B541D7B61F9757E10056541D /* ShoppingCell.swift */ = {isa = PBXFileReference; lastKnownFileType = sourcecode.swift; path = ShoppingCell.swift; sourceTree = "<group>"; };
		B541D7B71F9757E10056541D /* ShoppingCell.xib */ = {isa = PBXFileReference; lastKnownFileType = file.xib; path = ShoppingCell.xib; sourceTree = "<group>"; };
		B541D7BA1F9767920056541D /* DetailTableViewTableViewController.swift */ = {isa = PBXFileReference; lastKnownFileType = sourcecode.swift; path = DetailTableViewTableViewController.swift; sourceTree = "<group>"; };
		B555029E1FA07989009EDA48 /* ScrollImageTableCell.swift */ = {isa = PBXFileReference; lastKnownFileType = sourcecode.swift; path = ScrollImageTableCell.swift; sourceTree = "<group>"; };
		B555029F1FA07989009EDA48 /* ScrollImageTableCell.xib */ = {isa = PBXFileReference; lastKnownFileType = file.xib; path = ScrollImageTableCell.xib; sourceTree = "<group>"; };
		B5D192561F9E23A600FB971D /* PastedGraphic-1.png */ = {isa = PBXFileReference; lastKnownFileType = image.png; path = "PastedGraphic-1.png"; sourceTree = "<group>"; };
		B5DE957A1F9F3EB500C5DCF7 /* ShopItem.swift */ = {isa = PBXFileReference; lastKnownFileType = sourcecode.swift; path = ShopItem.swift; sourceTree = "<group>"; };
		BE2E598D1ED5E10700975CAB /* ShoppingListTableViewApp.app */ = {isa = PBXFileReference; explicitFileType = wrapper.application; includeInIndex = 0; path = ShoppingListTableViewApp.app; sourceTree = BUILT_PRODUCTS_DIR; };
		BE2E59901ED5E10700975CAB /* AppDelegate.swift */ = {isa = PBXFileReference; lastKnownFileType = sourcecode.swift; path = AppDelegate.swift; sourceTree = "<group>"; };
		BE2E59951ED5E10700975CAB /* Base */ = {isa = PBXFileReference; lastKnownFileType = file.storyboard; name = Base; path = Base.lproj/Main.storyboard; sourceTree = "<group>"; };
		BE2E59981ED5E10700975CAB /* ShoppingListTableViewApp.xcdatamodel */ = {isa = PBXFileReference; lastKnownFileType = wrapper.xcdatamodel; path = ShoppingListTableViewApp.xcdatamodel; sourceTree = "<group>"; };
		BE2E599A1ED5E10700975CAB /* Assets.xcassets */ = {isa = PBXFileReference; lastKnownFileType = folder.assetcatalog; path = Assets.xcassets; sourceTree = "<group>"; };
		BE2E599D1ED5E10700975CAB /* Base */ = {isa = PBXFileReference; lastKnownFileType = file.storyboard; name = Base; path = Base.lproj/LaunchScreen.storyboard; sourceTree = "<group>"; };
		BE2E599F1ED5E10700975CAB /* Info.plist */ = {isa = PBXFileReference; lastKnownFileType = text.plist.xml; path = Info.plist; sourceTree = "<group>"; };
		BE2E59A41ED5E10700975CAB /* ShoppingListTableViewAppTests.xctest */ = {isa = PBXFileReference; explicitFileType = wrapper.cfbundle; includeInIndex = 0; path = ShoppingListTableViewAppTests.xctest; sourceTree = BUILT_PRODUCTS_DIR; };
		BE2E59A81ED5E10700975CAB /* ShoppingListTableViewAppTests.swift */ = {isa = PBXFileReference; lastKnownFileType = sourcecode.swift; path = ShoppingListTableViewAppTests.swift; sourceTree = "<group>"; };
		BE2E59AA1ED5E10700975CAB /* Info.plist */ = {isa = PBXFileReference; lastKnownFileType = text.plist.xml; path = Info.plist; sourceTree = "<group>"; };
		BE2E59AF1ED5E10700975CAB /* ShoppingListTableViewAppUITests.xctest */ = {isa = PBXFileReference; explicitFileType = wrapper.cfbundle; includeInIndex = 0; path = ShoppingListTableViewAppUITests.xctest; sourceTree = BUILT_PRODUCTS_DIR; };
		BE2E59B31ED5E10700975CAB /* ShoppingListTableViewAppUITests.swift */ = {isa = PBXFileReference; lastKnownFileType = sourcecode.swift; path = ShoppingListTableViewAppUITests.swift; sourceTree = "<group>"; };
		BE2E59B51ED5E10700975CAB /* Info.plist */ = {isa = PBXFileReference; lastKnownFileType = text.plist.xml; path = Info.plist; sourceTree = "<group>"; };
		BE2E59C11ED5E17500975CAB /* ShoppingListTableView.swift */ = {isa = PBXFileReference; fileEncoding = 4; lastKnownFileType = sourcecode.swift; name = ShoppingListTableView.swift; path = ../ShoppingListTableView.swift; sourceTree = "<group>"; };
		BE7727691EDC25FB005BFC69 /* ShoppingListTableViewCell.swift */ = {isa = PBXFileReference; fileEncoding = 4; lastKnownFileType = sourcecode.swift; name = ShoppingListTableViewCell.swift; path = ../ShoppingListTableViewCell.swift; sourceTree = "<group>"; };
		BE77276A1EDC25FB005BFC69 /* ShoppingListTableViewCell.xib */ = {isa = PBXFileReference; fileEncoding = 4; lastKnownFileType = file.xib; name = ShoppingListTableViewCell.xib; path = ../ShoppingListTableViewCell.xib; sourceTree = "<group>"; };
		BE77276D1EDC2955005BFC69 /* Constants.swift */ = {isa = PBXFileReference; fileEncoding = 4; lastKnownFileType = sourcecode.swift; path = Constants.swift; sourceTree = "<group>"; };
		BE77276F1EDC54CF005BFC69 /* ShoppingItemService.swift */ = {isa = PBXFileReference; fileEncoding = 4; lastKnownFileType = sourcecode.swift; path = ShoppingItemService.swift; sourceTree = "<group>"; };
		BE7727731EDC7747005BFC69 /* StringExtensions.swift */ = {isa = PBXFileReference; fileEncoding = 4; lastKnownFileType = sourcecode.swift; path = StringExtensions.swift; sourceTree = "<group>"; };
		BE7727771EDD6DF9005BFC69 /* DetailViewController.swift */ = {isa = PBXFileReference; fileEncoding = 4; lastKnownFileType = sourcecode.swift; path = DetailViewController.swift; sourceTree = "<group>"; };
		BE7727791EDD7CE7005BFC69 /* Json4Swift_Base.swift */ = {isa = PBXFileReference; fileEncoding = 4; lastKnownFileType = sourcecode.swift; path = Json4Swift_Base.swift; sourceTree = "<group>"; };
		BE77277A1EDD7CE7005BFC69 /* ShoppingItems.swift */ = {isa = PBXFileReference; fileEncoding = 4; lastKnownFileType = sourcecode.swift; path = ShoppingItems.swift; sourceTree = "<group>"; };
		BE7727801EDD9C18005BFC69 /* AnimateViewController.swift */ = {isa = PBXFileReference; fileEncoding = 4; lastKnownFileType = sourcecode.swift; path = AnimateViewController.swift; sourceTree = "<group>"; };
		BE7727C11EDDBFA2005BFC69 /* GoogleService-Info.plist */ = {isa = PBXFileReference; fileEncoding = 4; lastKnownFileType = text.plist.xml; path = "GoogleService-Info.plist"; sourceTree = "<group>"; };
		BE7727C31EDDC6A6005BFC69 /* ShoppingListTableViewApp.entitlements */ = {isa = PBXFileReference; lastKnownFileType = text.plist.entitlements; path = ShoppingListTableViewApp.entitlements; sourceTree = "<group>"; };
		BEC67FCA1EDF170C0055FBD1 /* ImageStore.swift */ = {isa = PBXFileReference; fileEncoding = 4; lastKnownFileType = sourcecode.swift; path = ImageStore.swift; sourceTree = "<group>"; };
		D372468C284FE062E2DB6A34 /* Pods_ShoppingListTableViewAppTests.framework */ = {isa = PBXFileReference; explicitFileType = wrapper.framework; includeInIndex = 0; path = Pods_ShoppingListTableViewAppTests.framework; sourceTree = BUILT_PRODUCTS_DIR; };
		DCD9DB8985FB16EAC3E24DE3 /* Pods-ShoppingListTableViewAppUITests.release.xcconfig */ = {isa = PBXFileReference; includeInIndex = 1; lastKnownFileType = text.xcconfig; name = "Pods-ShoppingListTableViewAppUITests.release.xcconfig"; path = "Pods/Target Support Files/Pods-ShoppingListTableViewAppUITests/Pods-ShoppingListTableViewAppUITests.release.xcconfig"; sourceTree = "<group>"; };
		E8A26BA83984E1FECC5D8417 /* Pods_ShoppingListTableViewAppUITests.framework */ = {isa = PBXFileReference; explicitFileType = wrapper.framework; includeInIndex = 0; path = Pods_ShoppingListTableViewAppUITests.framework; sourceTree = BUILT_PRODUCTS_DIR; };
		F309ED33324B5E740F981503 /* Pods-ShoppingListTableViewAppTests.debug.xcconfig */ = {isa = PBXFileReference; includeInIndex = 1; lastKnownFileType = text.xcconfig; name = "Pods-ShoppingListTableViewAppTests.debug.xcconfig"; path = "Pods/Target Support Files/Pods-ShoppingListTableViewAppTests/Pods-ShoppingListTableViewAppTests.debug.xcconfig"; sourceTree = "<group>"; };
/* End PBXFileReference section */

/* Begin PBXFrameworksBuildPhase section */
		BE2E598A1ED5E10700975CAB /* Frameworks */ = {
			isa = PBXFrameworksBuildPhase;
			buildActionMask = 2147483647;
			files = (
				B2512ED98077013F5D9F7883 /* Pods_ShoppingListTableViewApp.framework in Frameworks */,
			);
			runOnlyForDeploymentPostprocessing = 0;
		};
		BE2E59A11ED5E10700975CAB /* Frameworks */ = {
			isa = PBXFrameworksBuildPhase;
			buildActionMask = 2147483647;
			files = (
				5DE03E4F0FA662F7AFDAC962 /* Pods_ShoppingListTableViewAppTests.framework in Frameworks */,
			);
			runOnlyForDeploymentPostprocessing = 0;
		};
		BE2E59AC1ED5E10700975CAB /* Frameworks */ = {
			isa = PBXFrameworksBuildPhase;
			buildActionMask = 2147483647;
			files = (
				83CC372099A4C4D935444336 /* Pods_ShoppingListTableViewAppUITests.framework in Frameworks */,
			);
			runOnlyForDeploymentPostprocessing = 0;
		};
/* End PBXFrameworksBuildPhase section */

/* Begin PBXGroup section */
		1A5B8B73BFE4F4B5E22682BE /* Frameworks */ = {
			isa = PBXGroup;
			children = (
				2751FCFECFADDEF8A1D2B0E7 /* Pods_ShoppingListTableViewApp.framework */,
				D372468C284FE062E2DB6A34 /* Pods_ShoppingListTableViewAppTests.framework */,
				E8A26BA83984E1FECC5D8417 /* Pods_ShoppingListTableViewAppUITests.framework */,
			);
			name = Frameworks;
			sourceTree = "<group>";
		};
		534754DD7E6DB969BF653B46 /* Pods */ = {
			isa = PBXGroup;
			children = (
				50298C7C0D9942D2CEC44C83 /* Pods-ShoppingListTableViewApp.debug.xcconfig */,
				4F312103A962E6944D25A67A /* Pods-ShoppingListTableViewApp.release.xcconfig */,
				F309ED33324B5E740F981503 /* Pods-ShoppingListTableViewAppTests.debug.xcconfig */,
				24A4887D2FC334EAEECE2A13 /* Pods-ShoppingListTableViewAppTests.release.xcconfig */,
				99F11BACF7A06308A128E34A /* Pods-ShoppingListTableViewAppUITests.debug.xcconfig */,
				DCD9DB8985FB16EAC3E24DE3 /* Pods-ShoppingListTableViewAppUITests.release.xcconfig */,
			);
			name = Pods;
			sourceTree = "<group>";
		};
		B541D7B31F974F170056541D /* Fonts */ = {
			isa = PBXGroup;
			children = (
				B541D7B41F974F380056541D /* HANDWRIT.TTF */,
			);
			name = Fonts;
			sourceTree = "<group>";
		};
		BE2E59841ED5E10600975CAB = {
			isa = PBXGroup;
			children = (
				BE2E598F1ED5E10700975CAB /* ShoppingListTableViewApp */,
				BE2E59A71ED5E10700975CAB /* ShoppingListTableViewAppTests */,
				BE2E59B21ED5E10700975CAB /* ShoppingListTableViewAppUITests */,
				BE2E598E1ED5E10700975CAB /* Products */,
				534754DD7E6DB969BF653B46 /* Pods */,
				1A5B8B73BFE4F4B5E22682BE /* Frameworks */,
			);
			sourceTree = "<group>";
		};
		BE2E598E1ED5E10700975CAB /* Products */ = {
			isa = PBXGroup;
			children = (
				BE2E598D1ED5E10700975CAB /* ShoppingListTableViewApp.app */,
				BE2E59A41ED5E10700975CAB /* ShoppingListTableViewAppTests.xctest */,
				BE2E59AF1ED5E10700975CAB /* ShoppingListTableViewAppUITests.xctest */,
			);
			name = Products;
			sourceTree = "<group>";
		};
		BE2E598F1ED5E10700975CAB /* ShoppingListTableViewApp */ = {
			isa = PBXGroup;
			children = (
				B541D7B31F974F170056541D /* Fonts */,
				BE7727C31EDDC6A6005BFC69 /* ShoppingListTableViewApp.entitlements */,
				BE77277F1EDD7D18005BFC69 /* TableCells */,
				BE77277E1EDD7D03005BFC69 /* Extensions */,
				BE77277D1EDD7CEA005BFC69 /* Data Layer */,
				BE2E59C11ED5E17500975CAB /* ShoppingListTableView.swift */,
				BE7727771EDD6DF9005BFC69 /* DetailViewController.swift */,
				BE2E59901ED5E10700975CAB /* AppDelegate.swift */,
				BE2E59941ED5E10700975CAB /* Main.storyboard */,
				B541D7BA1F9767920056541D /* DetailTableViewTableViewController.swift */,
				BE2E599A1ED5E10700975CAB /* Assets.xcassets */,
				BE2E599C1ED5E10700975CAB /* LaunchScreen.storyboard */,
				BE2E599F1ED5E10700975CAB /* Info.plist */,
				BE2E59971ED5E10700975CAB /* ShoppingListTableViewApp.xcdatamodeld */,
				BE7727801EDD9C18005BFC69 /* AnimateViewController.swift */,
				BE7727C11EDDBFA2005BFC69 /* GoogleService-Info.plist */,
			);
			path = ShoppingListTableViewApp;
			sourceTree = "<group>";
		};
		BE2E59A71ED5E10700975CAB /* ShoppingListTableViewAppTests */ = {
			isa = PBXGroup;
			children = (
				BE2E59A81ED5E10700975CAB /* ShoppingListTableViewAppTests.swift */,
				BE2E59AA1ED5E10700975CAB /* Info.plist */,
			);
			path = ShoppingListTableViewAppTests;
			sourceTree = "<group>";
		};
		BE2E59B21ED5E10700975CAB /* ShoppingListTableViewAppUITests */ = {
			isa = PBXGroup;
			children = (
				BE2E59B31ED5E10700975CAB /* ShoppingListTableViewAppUITests.swift */,
				BE2E59B51ED5E10700975CAB /* Info.plist */,
			);
			path = ShoppingListTableViewAppUITests;
			sourceTree = "<group>";
		};
		BE77277D1EDD7CEA005BFC69 /* Data Layer */ = {
			isa = PBXGroup;
			children = (
				BEC67FCA1EDF170C0055FBD1 /* ImageStore.swift */,
				BE77276F1EDC54CF005BFC69 /* ShoppingItemService.swift */,
				B5D192561F9E23A600FB971D /* PastedGraphic-1.png */,
				BE77277A1EDD7CE7005BFC69 /* ShoppingItems.swift */,
				B5DE957A1F9F3EB500C5DCF7 /* ShopItem.swift */,
				BE7727791EDD7CE7005BFC69 /* Json4Swift_Base.swift */,
			);
			name = "Data Layer";
			sourceTree = "<group>";
		};
		BE77277E1EDD7D03005BFC69 /* Extensions */ = {
			isa = PBXGroup;
			children = (
				BE77276D1EDC2955005BFC69 /* Constants.swift */,
				BE7727731EDC7747005BFC69 /* StringExtensions.swift */,
			);
			name = Extensions;
			sourceTree = "<group>";
		};
		BE77277F1EDD7D18005BFC69 /* TableCells */ = {
			isa = PBXGroup;
			children = (
				BE7727691EDC25FB005BFC69 /* ShoppingListTableViewCell.swift */,
				BE77276A1EDC25FB005BFC69 /* ShoppingListTableViewCell.xib */,
				B541D7AF1F9745CE0056541D /* ShoppingDetailsCell.swift */,
				B541D7B01F9745CE0056541D /* ShoppingDetailsCell.xib */,
				B541D7B61F9757E10056541D /* ShoppingCell.swift */,
				B541D7B71F9757E10056541D /* ShoppingCell.xib */,
				B555029E1FA07989009EDA48 /* ScrollImageTableCell.swift */,
				B555029F1FA07989009EDA48 /* ScrollImageTableCell.xib */,
			);
			name = TableCells;
			sourceTree = "<group>";
		};
/* End PBXGroup section */

/* Begin PBXNativeTarget section */
		BE2E598C1ED5E10700975CAB /* ShoppingListTableViewApp */ = {
			isa = PBXNativeTarget;
			buildConfigurationList = BE2E59B81ED5E10700975CAB /* Build configuration list for PBXNativeTarget "ShoppingListTableViewApp" */;
			buildPhases = (
				D06F81FD780C104D68BE3828 /* [CP] Check Pods Manifest.lock */,
				BE2E59891ED5E10700975CAB /* Sources */,
				BE2E598A1ED5E10700975CAB /* Frameworks */,
				BE2E598B1ED5E10700975CAB /* Resources */,
				A1A14EB78D7F1482BE96F1D9 /* [CP] Embed Pods Frameworks */,
				3576581F37819025618375D5 /* [CP] Copy Pods Resources */,
			);
			buildRules = (
			);
			dependencies = (
			);
			name = ShoppingListTableViewApp;
			productName = ShoppingListTableViewApp;
			productReference = BE2E598D1ED5E10700975CAB /* ShoppingListTableViewApp.app */;
			productType = "com.apple.product-type.application";
		};
		BE2E59A31ED5E10700975CAB /* ShoppingListTableViewAppTests */ = {
			isa = PBXNativeTarget;
			buildConfigurationList = BE2E59BB1ED5E10700975CAB /* Build configuration list for PBXNativeTarget "ShoppingListTableViewAppTests" */;
			buildPhases = (
				78B93BC42FF7AA0D5B716C9B /* [CP] Check Pods Manifest.lock */,
				BE2E59A01ED5E10700975CAB /* Sources */,
				BE2E59A11ED5E10700975CAB /* Frameworks */,
				BE2E59A21ED5E10700975CAB /* Resources */,
				AB10F66FFEE94E9B2AA7910D /* [CP] Embed Pods Frameworks */,
				1A4158BD75308D10A3738B64 /* [CP] Copy Pods Resources */,
			);
			buildRules = (
			);
			dependencies = (
				BE2E59A61ED5E10700975CAB /* PBXTargetDependency */,
			);
			name = ShoppingListTableViewAppTests;
			productName = ShoppingListTableViewAppTests;
			productReference = BE2E59A41ED5E10700975CAB /* ShoppingListTableViewAppTests.xctest */;
			productType = "com.apple.product-type.bundle.unit-test";
		};
		BE2E59AE1ED5E10700975CAB /* ShoppingListTableViewAppUITests */ = {
			isa = PBXNativeTarget;
			buildConfigurationList = BE2E59BE1ED5E10700975CAB /* Build configuration list for PBXNativeTarget "ShoppingListTableViewAppUITests" */;
			buildPhases = (
				C8B80C2DD9CCAE945197BC51 /* [CP] Check Pods Manifest.lock */,
				BE2E59AB1ED5E10700975CAB /* Sources */,
				BE2E59AC1ED5E10700975CAB /* Frameworks */,
				BE2E59AD1ED5E10700975CAB /* Resources */,
				E85421A06A969AB02C625EDC /* [CP] Embed Pods Frameworks */,
				76940BAE3502FA75F87CDFA9 /* [CP] Copy Pods Resources */,
			);
			buildRules = (
			);
			dependencies = (
				BE2E59B11ED5E10700975CAB /* PBXTargetDependency */,
			);
			name = ShoppingListTableViewAppUITests;
			productName = ShoppingListTableViewAppUITests;
			productReference = BE2E59AF1ED5E10700975CAB /* ShoppingListTableViewAppUITests.xctest */;
			productType = "com.apple.product-type.bundle.ui-testing";
		};
/* End PBXNativeTarget section */

/* Begin PBXProject section */
		BE2E59851ED5E10600975CAB /* Project object */ = {
			isa = PBXProject;
			attributes = {
				LastSwiftUpdateCheck = 0830;
				LastUpgradeCheck = 0830;
				ORGANIZATIONNAME = "Ben Smith";
				TargetAttributes = {
					BE2E598C1ED5E10700975CAB = {
						CreatedOnToolsVersion = 8.3;
						DevelopmentTeam = CWK29L7ZPT;
						ProvisioningStyle = Manual;
						SystemCapabilities = {
							com.apple.Push = {
								enabled = 1;
							};
							com.apple.iCloud = {
								enabled = 0;
							};
						};
					};
					BE2E59A31ED5E10700975CAB = {
						CreatedOnToolsVersion = 8.3;
						DevelopmentTeam = CWK29L7ZPT;
						ProvisioningStyle = Automatic;
						TestTargetID = BE2E598C1ED5E10700975CAB;
					};
					BE2E59AE1ED5E10700975CAB = {
						CreatedOnToolsVersion = 8.3;
						DevelopmentTeam = CWK29L7ZPT;
						ProvisioningStyle = Automatic;
						TestTargetID = BE2E598C1ED5E10700975CAB;
					};
				};
			};
			buildConfigurationList = BE2E59881ED5E10600975CAB /* Build configuration list for PBXProject "ShoppingListTableViewApp" */;
			compatibilityVersion = "Xcode 3.2";
			developmentRegion = English;
			hasScannedForEncodings = 0;
			knownRegions = (
				en,
				Base,
			);
			mainGroup = BE2E59841ED5E10600975CAB;
			productRefGroup = BE2E598E1ED5E10700975CAB /* Products */;
			projectDirPath = "";
			projectRoot = "";
			targets = (
				BE2E598C1ED5E10700975CAB /* ShoppingListTableViewApp */,
				BE2E59A31ED5E10700975CAB /* ShoppingListTableViewAppTests */,
				BE2E59AE1ED5E10700975CAB /* ShoppingListTableViewAppUITests */,
			);
		};
/* End PBXProject section */

/* Begin PBXResourcesBuildPhase section */
		BE2E598B1ED5E10700975CAB /* Resources */ = {
			isa = PBXResourcesBuildPhase;
			buildActionMask = 2147483647;
			files = (
				BE2E599E1ED5E10700975CAB /* LaunchScreen.storyboard in Resources */,
				B55502A11FA0798A009EDA48 /* ScrollImageTableCell.xib in Resources */,
				B541D7B91F9757E10056541D /* ShoppingCell.xib in Resources */,
				B541D7B21F9745CF0056541D /* ShoppingDetailsCell.xib in Resources */,
				B5D192571F9E23A600FB971D /* PastedGraphic-1.png in Resources */,
				B541D7B51F974FD00056541D /* HANDWRIT.TTF in Resources */,
				BE77276C1EDC25FB005BFC69 /* ShoppingListTableViewCell.xib in Resources */,
				BE7727C21EDDBFA2005BFC69 /* GoogleService-Info.plist in Resources */,
				BE2E599B1ED5E10700975CAB /* Assets.xcassets in Resources */,
				BE2E59961ED5E10700975CAB /* Main.storyboard in Resources */,
			);
			runOnlyForDeploymentPostprocessing = 0;
		};
		BE2E59A21ED5E10700975CAB /* Resources */ = {
			isa = PBXResourcesBuildPhase;
			buildActionMask = 2147483647;
			files = (
			);
			runOnlyForDeploymentPostprocessing = 0;
		};
		BE2E59AD1ED5E10700975CAB /* Resources */ = {
			isa = PBXResourcesBuildPhase;
			buildActionMask = 2147483647;
			files = (
			);
			runOnlyForDeploymentPostprocessing = 0;
		};
/* End PBXResourcesBuildPhase section */

/* Begin PBXShellScriptBuildPhase section */
		1A4158BD75308D10A3738B64 /* [CP] Copy Pods Resources */ = {
			isa = PBXShellScriptBuildPhase;
			buildActionMask = 2147483647;
			files = (
			);
			inputPaths = (
			);
			name = "[CP] Copy Pods Resources";
			outputPaths = (
			);
			runOnlyForDeploymentPostprocessing = 0;
			shellPath = /bin/sh;
			shellScript = "\"${SRCROOT}/Pods/Target Support Files/Pods-ShoppingListTableViewAppTests/Pods-ShoppingListTableViewAppTests-resources.sh\"\n";
			showEnvVarsInLog = 0;
		};
		3576581F37819025618375D5 /* [CP] Copy Pods Resources */ = {
			isa = PBXShellScriptBuildPhase;
			buildActionMask = 2147483647;
			files = (
			);
			inputPaths = (
			);
			name = "[CP] Copy Pods Resources";
			outputPaths = (
			);
			runOnlyForDeploymentPostprocessing = 0;
			shellPath = /bin/sh;
			shellScript = "\"${SRCROOT}/Pods/Target Support Files/Pods-ShoppingListTableViewApp/Pods-ShoppingListTableViewApp-resources.sh\"\n";
			showEnvVarsInLog = 0;
		};
		76940BAE3502FA75F87CDFA9 /* [CP] Copy Pods Resources */ = {
			isa = PBXShellScriptBuildPhase;
			buildActionMask = 2147483647;
			files = (
			);
			inputPaths = (
			);
			name = "[CP] Copy Pods Resources";
			outputPaths = (
			);
			runOnlyForDeploymentPostprocessing = 0;
			shellPath = /bin/sh;
			shellScript = "\"${SRCROOT}/Pods/Target Support Files/Pods-ShoppingListTableViewAppUITests/Pods-ShoppingListTableViewAppUITests-resources.sh\"\n";
			showEnvVarsInLog = 0;
		};
		78B93BC42FF7AA0D5B716C9B /* [CP] Check Pods Manifest.lock */ = {
			isa = PBXShellScriptBuildPhase;
			buildActionMask = 2147483647;
			files = (
			);
			inputPaths = (
			);
			name = "[CP] Check Pods Manifest.lock";
			outputPaths = (
			);
			runOnlyForDeploymentPostprocessing = 0;
			shellPath = /bin/sh;
			shellScript = "diff \"${PODS_PODFILE_DIR_PATH}/Podfile.lock\" \"${PODS_ROOT}/Manifest.lock\" > /dev/null\nif [ $? != 0 ] ; then\n    # print error to STDERR\n    echo \"error: The sandbox is not in sync with the Podfile.lock. Run 'pod install' or update your CocoaPods installation.\" >&2\n    exit 1\nfi\n";
			showEnvVarsInLog = 0;
		};
		A1A14EB78D7F1482BE96F1D9 /* [CP] Embed Pods Frameworks */ = {
			isa = PBXShellScriptBuildPhase;
			buildActionMask = 2147483647;
			files = (
			);
			inputPaths = (
			);
			name = "[CP] Embed Pods Frameworks";
			outputPaths = (
			);
			runOnlyForDeploymentPostprocessing = 0;
			shellPath = /bin/sh;
			shellScript = "\"${SRCROOT}/Pods/Target Support Files/Pods-ShoppingListTableViewApp/Pods-ShoppingListTableViewApp-frameworks.sh\"\n";
			showEnvVarsInLog = 0;
		};
		AB10F66FFEE94E9B2AA7910D /* [CP] Embed Pods Frameworks */ = {
			isa = PBXShellScriptBuildPhase;
			buildActionMask = 2147483647;
			files = (
			);
			inputPaths = (
			);
			name = "[CP] Embed Pods Frameworks";
			outputPaths = (
			);
			runOnlyForDeploymentPostprocessing = 0;
			shellPath = /bin/sh;
			shellScript = "\"${SRCROOT}/Pods/Target Support Files/Pods-ShoppingListTableViewAppTests/Pods-ShoppingListTableViewAppTests-frameworks.sh\"\n";
			showEnvVarsInLog = 0;
		};
		C8B80C2DD9CCAE945197BC51 /* [CP] Check Pods Manifest.lock */ = {
			isa = PBXShellScriptBuildPhase;
			buildActionMask = 2147483647;
			files = (
			);
			inputPaths = (
			);
			name = "[CP] Check Pods Manifest.lock";
			outputPaths = (
			);
			runOnlyForDeploymentPostprocessing = 0;
			shellPath = /bin/sh;
			shellScript = "diff \"${PODS_PODFILE_DIR_PATH}/Podfile.lock\" \"${PODS_ROOT}/Manifest.lock\" > /dev/null\nif [ $? != 0 ] ; then\n    # print error to STDERR\n    echo \"error: The sandbox is not in sync with the Podfile.lock. Run 'pod install' or update your CocoaPods installation.\" >&2\n    exit 1\nfi\n";
			showEnvVarsInLog = 0;
		};
		D06F81FD780C104D68BE3828 /* [CP] Check Pods Manifest.lock */ = {
			isa = PBXShellScriptBuildPhase;
			buildActionMask = 2147483647;
			files = (
			);
			inputPaths = (
			);
			name = "[CP] Check Pods Manifest.lock";
			outputPaths = (
			);
			runOnlyForDeploymentPostprocessing = 0;
			shellPath = /bin/sh;
			shellScript = "diff \"${PODS_PODFILE_DIR_PATH}/Podfile.lock\" \"${PODS_ROOT}/Manifest.lock\" > /dev/null\nif [ $? != 0 ] ; then\n    # print error to STDERR\n    echo \"error: The sandbox is not in sync with the Podfile.lock. Run 'pod install' or update your CocoaPods installation.\" >&2\n    exit 1\nfi\n";
			showEnvVarsInLog = 0;
		};
		E85421A06A969AB02C625EDC /* [CP] Embed Pods Frameworks */ = {
			isa = PBXShellScriptBuildPhase;
			buildActionMask = 2147483647;
			files = (
			);
			inputPaths = (
			);
			name = "[CP] Embed Pods Frameworks";
			outputPaths = (
			);
			runOnlyForDeploymentPostprocessing = 0;
			shellPath = /bin/sh;
			shellScript = "\"${SRCROOT}/Pods/Target Support Files/Pods-ShoppingListTableViewAppUITests/Pods-ShoppingListTableViewAppUITests-frameworks.sh\"\n";
			showEnvVarsInLog = 0;
		};
/* End PBXShellScriptBuildPhase section */

/* Begin PBXSourcesBuildPhase section */
		BE2E59891ED5E10700975CAB /* Sources */ = {
			isa = PBXSourcesBuildPhase;
			buildActionMask = 2147483647;
			files = (
				BE7727811EDD9C18005BFC69 /* AnimateViewController.swift in Sources */,
				BE7727781EDD6DF9005BFC69 /* DetailViewController.swift in Sources */,
				BE7727741EDC7747005BFC69 /* StringExtensions.swift in Sources */,
				BE77276E1EDC2955005BFC69 /* Constants.swift in Sources */,
				B5DE957B1F9F3EB500C5DCF7 /* ShopItem.swift in Sources */,
				BE77277B1EDD7CE7005BFC69 /* Json4Swift_Base.swift in Sources */,
				B541D7BB1F9767920056541D /* DetailTableViewTableViewController.swift in Sources */,
				BE2E59C21ED5E17500975CAB /* ShoppingListTableView.swift in Sources */,
				BE77276B1EDC25FB005BFC69 /* ShoppingListTableViewCell.swift in Sources */,
				B541D7B11F9745CE0056541D /* ShoppingDetailsCell.swift in Sources */,
				BE7727701EDC54D0005BFC69 /* ShoppingItemService.swift in Sources */,
				BE2E59991ED5E10700975CAB /* ShoppingListTableViewApp.xcdatamodeld in Sources */,
				BE2E59911ED5E10700975CAB /* AppDelegate.swift in Sources */,
				B541D7B81F9757E10056541D /* ShoppingCell.swift in Sources */,
				B55502A01FA07989009EDA48 /* ScrollImageTableCell.swift in Sources */,
				BE77277C1EDD7CE7005BFC69 /* ShoppingItems.swift in Sources */,
				BEC67FCB1EDF170C0055FBD1 /* ImageStore.swift in Sources */,
			);
			runOnlyForDeploymentPostprocessing = 0;
		};
		BE2E59A01ED5E10700975CAB /* Sources */ = {
			isa = PBXSourcesBuildPhase;
			buildActionMask = 2147483647;
			files = (
				BE2E59A91ED5E10700975CAB /* ShoppingListTableViewAppTests.swift in Sources */,
			);
			runOnlyForDeploymentPostprocessing = 0;
		};
		BE2E59AB1ED5E10700975CAB /* Sources */ = {
			isa = PBXSourcesBuildPhase;
			buildActionMask = 2147483647;
			files = (
				BE2E59B41ED5E10700975CAB /* ShoppingListTableViewAppUITests.swift in Sources */,
			);
			runOnlyForDeploymentPostprocessing = 0;
		};
/* End PBXSourcesBuildPhase section */

/* Begin PBXTargetDependency section */
		BE2E59A61ED5E10700975CAB /* PBXTargetDependency */ = {
			isa = PBXTargetDependency;
			target = BE2E598C1ED5E10700975CAB /* ShoppingListTableViewApp */;
			targetProxy = BE2E59A51ED5E10700975CAB /* PBXContainerItemProxy */;
		};
		BE2E59B11ED5E10700975CAB /* PBXTargetDependency */ = {
			isa = PBXTargetDependency;
			target = BE2E598C1ED5E10700975CAB /* ShoppingListTableViewApp */;
			targetProxy = BE2E59B01ED5E10700975CAB /* PBXContainerItemProxy */;
		};
/* End PBXTargetDependency section */

/* Begin PBXVariantGroup section */
		BE2E59941ED5E10700975CAB /* Main.storyboard */ = {
			isa = PBXVariantGroup;
			children = (
				BE2E59951ED5E10700975CAB /* Base */,
			);
			name = Main.storyboard;
			sourceTree = "<group>";
		};
		BE2E599C1ED5E10700975CAB /* LaunchScreen.storyboard */ = {
			isa = PBXVariantGroup;
			children = (
				BE2E599D1ED5E10700975CAB /* Base */,
			);
			name = LaunchScreen.storyboard;
			sourceTree = "<group>";
		};
/* End PBXVariantGroup section */

/* Begin XCBuildConfiguration section */
		BE2E59B61ED5E10700975CAB /* Debug */ = {
			isa = XCBuildConfiguration;
			buildSettings = {
				ALWAYS_SEARCH_USER_PATHS = NO;
				CLANG_ANALYZER_NONNULL = YES;
				CLANG_ANALYZER_NUMBER_OBJECT_CONVERSION = YES_AGGRESSIVE;
				CLANG_CXX_LANGUAGE_STANDARD = "gnu++0x";
				CLANG_CXX_LIBRARY = "libc++";
				CLANG_ENABLE_MODULES = YES;
				CLANG_ENABLE_OBJC_ARC = YES;
				CLANG_WARN_BOOL_CONVERSION = YES;
				CLANG_WARN_CONSTANT_CONVERSION = YES;
				CLANG_WARN_DIRECT_OBJC_ISA_USAGE = YES_ERROR;
				CLANG_WARN_DOCUMENTATION_COMMENTS = YES;
				CLANG_WARN_EMPTY_BODY = YES;
				CLANG_WARN_ENUM_CONVERSION = YES;
				CLANG_WARN_INFINITE_RECURSION = YES;
				CLANG_WARN_INT_CONVERSION = YES;
				CLANG_WARN_OBJC_ROOT_CLASS = YES_ERROR;
				CLANG_WARN_SUSPICIOUS_MOVE = YES;
				CLANG_WARN_UNREACHABLE_CODE = YES;
				CLANG_WARN__DUPLICATE_METHOD_MATCH = YES;
				"CODE_SIGN_IDENTITY[sdk=iphoneos*]" = "iPhone Developer";
				COPY_PHASE_STRIP = NO;
				DEBUG_INFORMATION_FORMAT = dwarf;
				ENABLE_STRICT_OBJC_MSGSEND = YES;
				ENABLE_TESTABILITY = YES;
				GCC_C_LANGUAGE_STANDARD = gnu99;
				GCC_DYNAMIC_NO_PIC = NO;
				GCC_NO_COMMON_BLOCKS = YES;
				GCC_OPTIMIZATION_LEVEL = 0;
				GCC_PREPROCESSOR_DEFINITIONS = (
					"DEBUG=1",
					"$(inherited)",
				);
				GCC_WARN_64_TO_32_BIT_CONVERSION = YES;
				GCC_WARN_ABOUT_RETURN_TYPE = YES_ERROR;
				GCC_WARN_UNDECLARED_SELECTOR = YES;
				GCC_WARN_UNINITIALIZED_AUTOS = YES_AGGRESSIVE;
				GCC_WARN_UNUSED_FUNCTION = YES;
				GCC_WARN_UNUSED_VARIABLE = YES;
				IPHONEOS_DEPLOYMENT_TARGET = 10.3;
				MTL_ENABLE_DEBUG_INFO = YES;
				ONLY_ACTIVE_ARCH = YES;
				SDKROOT = iphoneos;
				SWIFT_ACTIVE_COMPILATION_CONDITIONS = DEBUG;
				SWIFT_OPTIMIZATION_LEVEL = "-Onone";
				TARGETED_DEVICE_FAMILY = "1,2";
			};
			name = Debug;
		};
		BE2E59B71ED5E10700975CAB /* Release */ = {
			isa = XCBuildConfiguration;
			buildSettings = {
				ALWAYS_SEARCH_USER_PATHS = NO;
				CLANG_ANALYZER_NONNULL = YES;
				CLANG_ANALYZER_NUMBER_OBJECT_CONVERSION = YES_AGGRESSIVE;
				CLANG_CXX_LANGUAGE_STANDARD = "gnu++0x";
				CLANG_CXX_LIBRARY = "libc++";
				CLANG_ENABLE_MODULES = YES;
				CLANG_ENABLE_OBJC_ARC = YES;
				CLANG_WARN_BOOL_CONVERSION = YES;
				CLANG_WARN_CONSTANT_CONVERSION = YES;
				CLANG_WARN_DIRECT_OBJC_ISA_USAGE = YES_ERROR;
				CLANG_WARN_DOCUMENTATION_COMMENTS = YES;
				CLANG_WARN_EMPTY_BODY = YES;
				CLANG_WARN_ENUM_CONVERSION = YES;
				CLANG_WARN_INFINITE_RECURSION = YES;
				CLANG_WARN_INT_CONVERSION = YES;
				CLANG_WARN_OBJC_ROOT_CLASS = YES_ERROR;
				CLANG_WARN_SUSPICIOUS_MOVE = YES;
				CLANG_WARN_UNREACHABLE_CODE = YES;
				CLANG_WARN__DUPLICATE_METHOD_MATCH = YES;
				"CODE_SIGN_IDENTITY[sdk=iphoneos*]" = "iPhone Developer";
				COPY_PHASE_STRIP = NO;
				DEBUG_INFORMATION_FORMAT = "dwarf-with-dsym";
				ENABLE_NS_ASSERTIONS = NO;
				ENABLE_STRICT_OBJC_MSGSEND = YES;
				GCC_C_LANGUAGE_STANDARD = gnu99;
				GCC_NO_COMMON_BLOCKS = YES;
				GCC_WARN_64_TO_32_BIT_CONVERSION = YES;
				GCC_WARN_ABOUT_RETURN_TYPE = YES_ERROR;
				GCC_WARN_UNDECLARED_SELECTOR = YES;
				GCC_WARN_UNINITIALIZED_AUTOS = YES_AGGRESSIVE;
				GCC_WARN_UNUSED_FUNCTION = YES;
				GCC_WARN_UNUSED_VARIABLE = YES;
				IPHONEOS_DEPLOYMENT_TARGET = 10.3;
				MTL_ENABLE_DEBUG_INFO = NO;
				SDKROOT = iphoneos;
				SWIFT_OPTIMIZATION_LEVEL = "-Owholemodule";
				TARGETED_DEVICE_FAMILY = "1,2";
				VALIDATE_PRODUCT = YES;
			};
			name = Release;
		};
		BE2E59B91ED5E10700975CAB /* Debug */ = {
			isa = XCBuildConfiguration;
			baseConfigurationReference = 50298C7C0D9942D2CEC44C83 /* Pods-ShoppingListTableViewApp.debug.xcconfig */;
			buildSettings = {
				ASSETCATALOG_COMPILER_APPICON_NAME = AppIcon;
				CODE_SIGN_ENTITLEMENTS = ShoppingListTableViewApp/ShoppingListTableViewApp.entitlements;
				"CODE_SIGN_IDENTITY[sdk=iphoneos*]" = "iPhone Developer";
				DEVELOPMENT_TEAM = CWK29L7ZPT;
				INFOPLIST_FILE = ShoppingListTableViewApp/Info.plist;
				IPHONEOS_DEPLOYMENT_TARGET = 10.0;
				LD_RUNPATH_SEARCH_PATHS = "$(inherited) @executable_path/Frameworks";
				PRODUCT_BUNDLE_IDENTIFIER = com.bensmithinc.bucketlist;
				PRODUCT_NAME = "$(TARGET_NAME)";
				PROVISIONING_PROFILE = "9a6b529c-b85c-4405-921f-55078a1c3c0e";
				PROVISIONING_PROFILE_SPECIFIER = "Bucket List - App Development";
				SWIFT_VERSION = 3.0;
			};
			name = Debug;
		};
		BE2E59BA1ED5E10700975CAB /* Release */ = {
			isa = XCBuildConfiguration;
			baseConfigurationReference = 4F312103A962E6944D25A67A /* Pods-ShoppingListTableViewApp.release.xcconfig */;
			buildSettings = {
				ASSETCATALOG_COMPILER_APPICON_NAME = AppIcon;
				CODE_SIGN_ENTITLEMENTS = ShoppingListTableViewApp/ShoppingListTableViewApp.entitlements;
				"CODE_SIGN_IDENTITY[sdk=iphoneos*]" = "iPhone Developer";
				DEVELOPMENT_TEAM = CWK29L7ZPT;
				INFOPLIST_FILE = ShoppingListTableViewApp/Info.plist;
				IPHONEOS_DEPLOYMENT_TARGET = 10.0;
				LD_RUNPATH_SEARCH_PATHS = "$(inherited) @executable_path/Frameworks";
				PRODUCT_BUNDLE_IDENTIFIER = com.bensmithinc.bucketlist;
				PRODUCT_NAME = "$(TARGET_NAME)";
				PROVISIONING_PROFILE = "9a6b529c-b85c-4405-921f-55078a1c3c0e";
				PROVISIONING_PROFILE_SPECIFIER = "Bucket List - App Development";
				SWIFT_VERSION = 3.0;
			};
			name = Release;
		};
		BE2E59BC1ED5E10700975CAB /* Debug */ = {
			isa = XCBuildConfiguration;
			baseConfigurationReference = F309ED33324B5E740F981503 /* Pods-ShoppingListTableViewAppTests.debug.xcconfig */;
			buildSettings = {
				ALWAYS_EMBED_SWIFT_STANDARD_LIBRARIES = YES;
				BUNDLE_LOADER = "$(TEST_HOST)";
				DEVELOPMENT_TEAM = CWK29L7ZPT;
				INFOPLIST_FILE = ShoppingListTableViewAppTests/Info.plist;
				LD_RUNPATH_SEARCH_PATHS = "$(inherited) @executable_path/Frameworks @loader_path/Frameworks";
				PRODUCT_BUNDLE_IDENTIFIER = test.ShoppingListTableViewAppTests;
				PRODUCT_NAME = "$(TARGET_NAME)";
				SWIFT_VERSION = 3.0;
				TEST_HOST = "$(BUILT_PRODUCTS_DIR)/ShoppingListTableViewApp.app/ShoppingListTableViewApp";
			};
			name = Debug;
		};
		BE2E59BD1ED5E10700975CAB /* Release */ = {
			isa = XCBuildConfiguration;
			baseConfigurationReference = 24A4887D2FC334EAEECE2A13 /* Pods-ShoppingListTableViewAppTests.release.xcconfig */;
			buildSettings = {
				ALWAYS_EMBED_SWIFT_STANDARD_LIBRARIES = YES;
				BUNDLE_LOADER = "$(TEST_HOST)";
				DEVELOPMENT_TEAM = CWK29L7ZPT;
				INFOPLIST_FILE = ShoppingListTableViewAppTests/Info.plist;
				LD_RUNPATH_SEARCH_PATHS = "$(inherited) @executable_path/Frameworks @loader_path/Frameworks";
				PRODUCT_BUNDLE_IDENTIFIER = test.ShoppingListTableViewAppTests;
				PRODUCT_NAME = "$(TARGET_NAME)";
				SWIFT_VERSION = 3.0;
				TEST_HOST = "$(BUILT_PRODUCTS_DIR)/ShoppingListTableViewApp.app/ShoppingListTableViewApp";
			};
			name = Release;
		};
		BE2E59BF1ED5E10700975CAB /* Debug */ = {
			isa = XCBuildConfiguration;
			baseConfigurationReference = 99F11BACF7A06308A128E34A /* Pods-ShoppingListTableViewAppUITests.debug.xcconfig */;
			buildSettings = {
				ALWAYS_EMBED_SWIFT_STANDARD_LIBRARIES = YES;
				DEVELOPMENT_TEAM = CWK29L7ZPT;
				INFOPLIST_FILE = ShoppingListTableViewAppUITests/Info.plist;
				LD_RUNPATH_SEARCH_PATHS = "$(inherited) @executable_path/Frameworks @loader_path/Frameworks";
				PRODUCT_BUNDLE_IDENTIFIER = test.ShoppingListTableViewAppUITests;
				PRODUCT_NAME = "$(TARGET_NAME)";
				SWIFT_VERSION = 3.0;
				TEST_TARGET_NAME = ShoppingListTableViewApp;
			};
			name = Debug;
		};
		BE2E59C01ED5E10700975CAB /* Release */ = {
			isa = XCBuildConfiguration;
			baseConfigurationReference = DCD9DB8985FB16EAC3E24DE3 /* Pods-ShoppingListTableViewAppUITests.release.xcconfig */;
			buildSettings = {
				ALWAYS_EMBED_SWIFT_STANDARD_LIBRARIES = YES;
				DEVELOPMENT_TEAM = CWK29L7ZPT;
				INFOPLIST_FILE = ShoppingListTableViewAppUITests/Info.plist;
				LD_RUNPATH_SEARCH_PATHS = "$(inherited) @executable_path/Frameworks @loader_path/Frameworks";
				PRODUCT_BUNDLE_IDENTIFIER = test.ShoppingListTableViewAppUITests;
				PRODUCT_NAME = "$(TARGET_NAME)";
				SWIFT_VERSION = 3.0;
				TEST_TARGET_NAME = ShoppingListTableViewApp;
			};
			name = Release;
		};
/* End XCBuildConfiguration section */

/* Begin XCConfigurationList section */
		BE2E59881ED5E10600975CAB /* Build configuration list for PBXProject "ShoppingListTableViewApp" */ = {
			isa = XCConfigurationList;
			buildConfigurations = (
				BE2E59B61ED5E10700975CAB /* Debug */,
				BE2E59B71ED5E10700975CAB /* Release */,
			);
			defaultConfigurationIsVisible = 0;
			defaultConfigurationName = Release;
		};
		BE2E59B81ED5E10700975CAB /* Build configuration list for PBXNativeTarget "ShoppingListTableViewApp" */ = {
			isa = XCConfigurationList;
			buildConfigurations = (
				BE2E59B91ED5E10700975CAB /* Debug */,
				BE2E59BA1ED5E10700975CAB /* Release */,
			);
			defaultConfigurationIsVisible = 0;
			defaultConfigurationName = Release;
		};
		BE2E59BB1ED5E10700975CAB /* Build configuration list for PBXNativeTarget "ShoppingListTableViewAppTests" */ = {
			isa = XCConfigurationList;
			buildConfigurations = (
				BE2E59BC1ED5E10700975CAB /* Debug */,
				BE2E59BD1ED5E10700975CAB /* Release */,
			);
			defaultConfigurationIsVisible = 0;
			defaultConfigurationName = Release;
		};
		BE2E59BE1ED5E10700975CAB /* Build configuration list for PBXNativeTarget "ShoppingListTableViewAppUITests" */ = {
			isa = XCConfigurationList;
			buildConfigurations = (
				BE2E59BF1ED5E10700975CAB /* Debug */,
				BE2E59C01ED5E10700975CAB /* Release */,
			);
			defaultConfigurationIsVisible = 0;
			defaultConfigurationName = Release;
		};
/* End XCConfigurationList section */

/* Begin XCVersionGroup section */
		BE2E59971ED5E10700975CAB /* ShoppingListTableViewApp.xcdatamodeld */ = {
			isa = XCVersionGroup;
			children = (
				BE2E59981ED5E10700975CAB /* ShoppingListTableViewApp.xcdatamodel */,
			);
			currentVersion = BE2E59981ED5E10700975CAB /* ShoppingListTableViewApp.xcdatamodel */;
			path = ShoppingListTableViewApp.xcdatamodeld;
			sourceTree = "<group>";
			versionGroupType = wrapper.xcdatamodel;
		};
/* End XCVersionGroup section */
	};
	rootObject = BE2E59851ED5E10600975CAB /* Project object */;
}
